
Microsoft Visual Studio Solution File, Format Version 12.00
# Visual Studio 15
Project("{FAE04EC0-301F-11D3-BF4B-00C04F79EFBC}") = "Assembly-CSharp", "Assembly-CSharp.csproj", "{DEF79A7F-DABF-F4B2-6DD2-AD4139554A8F}"
EndProject
Project("{FAE04EC0-301F-11D3-BF4B-00C04F79EFBC}") = "Fusion.Addressables", "Fusion.Addressables.csproj", "{77D88ADE-A01C-1F59-3210-F5210E9D3476}"
EndProject
Project("{FAE04EC0-301F-11D3-BF4B-00C04F79EFBC}") = "Assembly-CSharp-Editor", "Assembly-CSharp-Editor.csproj", "{16AA932C-349C-E815-F6BE-9AD20F516966}"
EndProject
Project("{FAE04EC0-301F-11D3-BF4B-00C04F79EFBC}") = "Unity.Fusion.CodeGen", "Unity.Fusion.CodeGen.csproj", "{EB574284-BD2B-6661-B4A4-D8B498371759}"
EndProject
Project("{FAE04EC0-301F-11D3-BF4B-00C04F79EFBC}") = "Fusion.Editor", "Fusion.Editor.csproj", "{36A96D3D-E259-836E-4FCC-BEB1B35670C2}"
EndProject
Global
	GlobalSection(SolutionConfigurationPlatforms) = preSolution
		Debug|Any CPU = Debug|Any CPU
		Release|Any CPU = Release|Any CPU
	EndGlobalSection
	GlobalSection(ProjectConfigurationPlatforms) = postSolution
		{DEF79A7F-DABF-F4B2-6DD2-AD4139554A8F}.Debug|Any CPU.ActiveCfg = Debug|Any CPU
		{DEF79A7F-DABF-F4B2-6DD2-AD4139554A8F}.Debug|Any CPU.Build.0 = Debug|Any CPU
		{DEF79A7F-DABF-F4B2-6DD2-AD4139554A8F}.Release|Any CPU.ActiveCfg = Release|Any CPU
		{DEF79A7F-DABF-F4B2-6DD2-AD4139554A8F}.Release|Any CPU.Build.0 = Release|Any CPU
		{77D88ADE-A01C-1F59-3210-F5210E9D3476}.Debug|Any CPU.ActiveCfg = Debug|Any CPU
		{77D88ADE-A01C-1F59-3210-F5210E9D3476}.Debug|Any CPU.Build.0 = Debug|Any CPU
		{77D88ADE-A01C-1F59-3210-F5210E9D3476}.Release|Any CPU.ActiveCfg = Release|Any CPU
		{77D88ADE-A01C-1F59-3210-F5210E9D3476}.Release|Any CPU.Build.0 = Release|Any CPU
		{16AA932C-349C-E815-F6BE-9AD20F516966}.Debug|Any CPU.ActiveCfg = Debug|Any CPU
		{16AA932C-349C-E815-F6BE-9AD20F516966}.Debug|Any CPU.Build.0 = Debug|Any CPU
		{16AA932C-349C-E815-F6BE-9AD20F516966}.Release|Any CPU.ActiveCfg = Release|Any CPU
		{16AA932C-349C-E815-F6BE-9AD20F516966}.Release|Any CPU.Build.0 = Release|Any CPU
		{EB574284-BD2B-6661-B4A4-D8B498371759}.Debug|Any CPU.ActiveCfg = Debug|Any CPU
		{EB574284-BD2B-6661-B4A4-D8B498371759}.Debug|Any CPU.Build.0 = Debug|Any CPU
		{EB574284-BD2B-6661-B4A4-D8B498371759}.Release|Any CPU.ActiveCfg = Release|Any CPU
		{EB574284-BD2B-6661-B4A4-D8B498371759}.Release|Any CPU.Build.0 = Release|Any CPU
		{36A96D3D-E259-836E-4FCC-BEB1B35670C2}.Debug|Any CPU.ActiveCfg = Debug|Any CPU
		{36A96D3D-E259-836E-4FCC-BEB1B35670C2}.Debug|Any CPU.Build.0 = Debug|Any CPU
		{36A96D3D-E259-836E-4FCC-BEB1B35670C2}.Release|Any CPU.ActiveCfg = Release|Any CPU
		{36A96D3D-E259-836E-4FCC-BEB1B35670C2}.Release|Any CPU.Build.0 = Release|Any CPU
	EndGlobalSection
	GlobalSection(SolutionProperties) = preSolution
		HideSolutionNode = FALSE
	EndGlobalSection
EndGlobal
